
Microsoft Visual Studio Solution File, Format Version 12.00
# Visual Studio Version 17
VisualStudioVersion = 17.14.36414.22
MinimumVisualStudioVersion = 10.0.40219.1
Project("{FAE04EC0-301F-11D3-BF4B-00C04F79EFBC}") = "HobslideHelper", "HobslideHelper\HobslideHelper.csproj", "{3DED1FAA-59D1-4C66-AE3F-B1E3B7E24857}"
EndProject
Global
	GlobalSection(SolutionConfigurationPlatforms) = preSolution
		Debug|Any CPU = Debug|Any CPU
		Release|Any CPU = Release|Any CPU
	EndGlobalSection
	GlobalSection(ProjectConfigurationPlatforms) = postSolution
		{3DED1FAA-59D1-4C66-AE3F-B1E3B7E24857}.Debug|Any CPU.ActiveCfg = Debug|Any CPU
		{3DED1FAA-59D1-4C66-AE3F-B1E3B7E24857}.Debug|Any CPU.Build.0 = Debug|Any CPU
		{3DED1FAA-59D1-4C66-AE3F-B1E3B7E24857}.Release|Any CPU.ActiveCfg = Release|Any CPU
		{3DED1FAA-59D1-4C66-AE3F-B1E3B7E24857}.Release|Any CPU.Build.0 = Release|Any CPU
	EndGlobalSection
	GlobalSection(SolutionProperties) = preSolution
		HideSolutionNode = FALSE
	EndGlobalSection
	GlobalSection(ExtensibilityGlobals) = postSolution
		SolutionGuid = {ADFA013A-D9D0-48D3-BD4E-617A26BAABD1}
	EndGlobalSection
EndGlobal
